// !$*UTF8*$!
{
	archiveVersion = 1;
	classes = {
	};
	objectVersion = 50;
	objects = {

/* Begin PBXBuildFile section */
		8F22BA2523F15113009288BF /* AppDelegate.swift in Sources */ = {isa = PBXBuildFile; fileRef = 8F22BA2423F15113009288BF /* AppDelegate.swift */; };
		8F22BA2723F15113009288BF /* SceneDelegate.swift in Sources */ = {isa = PBXBuildFile; fileRef = 8F22BA2623F15113009288BF /* SceneDelegate.swift */; };
		8F22BA2C23F15113009288BF /* Main.storyboard in Resources */ = {isa = PBXBuildFile; fileRef = 8F22BA2A23F15113009288BF /* Main.storyboard */; };
		8F22BA2E23F15115009288BF /* Assets.xcassets in Resources */ = {isa = PBXBuildFile; fileRef = 8F22BA2D23F15115009288BF /* Assets.xcassets */; };
		8F22BA3123F15115009288BF /* LaunchScreen.storyboard in Resources */ = {isa = PBXBuildFile; fileRef = 8F22BA2F23F15115009288BF /* LaunchScreen.storyboard */; };
		8F6EC42023F1547500021290 /* MainVC.swift in Sources */ = {isa = PBXBuildFile; fileRef = 8F6EC41F23F1547500021290 /* MainVC.swift */; };
		8F6EC42223F154B000021290 /* ResultVC.swift in Sources */ = {isa = PBXBuildFile; fileRef = 8F6EC42123F154AF00021290 /* ResultVC.swift */; };
		8F6EC42423F154B800021290 /* StartVC.swift in Sources */ = {isa = PBXBuildFile; fileRef = 8F6EC42323F154B800021290 /* StartVC.swift */; };
		8F6EC42623F1558900021290 /* Constants.swift in Sources */ = {isa = PBXBuildFile; fileRef = 8F6EC42523F1558900021290 /* Constants.swift */; };
/* End PBXBuildFile section */

/* Begin PBXFileReference section */
		8F22BA2123F15113009288BF /* MatchTheMembersFix.app */ = {isa = PBXFileReference; explicitFileType = wrapper.application; includeInIndex = 0; path = MatchTheMembersFix.app; sourceTree = BUILT_PRODUCTS_DIR; };
		8F22BA2423F15113009288BF /* AppDelegate.swift */ = {isa = PBXFileReference; lastKnownFileType = sourcecode.swift; path = AppDelegate.swift; sourceTree = "<group>"; };
		8F22BA2623F15113009288BF /* SceneDelegate.swift */ = {isa = PBXFileReference; lastKnownFileType = sourcecode.swift; path = SceneDelegate.swift; sourceTree = "<group>"; };
		8F22BA2B23F15113009288BF /* Base */ = {isa = PBXFileReference; lastKnownFileType = file.storyboard; name = Base; path = Base.lproj/Main.storyboard; sourceTree = "<group>"; };
		8F22BA2D23F15115009288BF /* Assets.xcassets */ = {isa = PBXFileReference; lastKnownFileType = folder.assetcatalog; path = Assets.xcassets; sourceTree = "<group>"; };
		8F22BA3023F15115009288BF /* Base */ = {isa = PBXFileReference; lastKnownFileType = file.storyboard; name = Base; path = Base.lproj/LaunchScreen.storyboard; sourceTree = "<group>"; };
		8F22BA3223F15115009288BF /* Info.plist */ = {isa = PBXFileReference; lastKnownFileType = text.plist.xml; path = Info.plist; sourceTree = "<group>"; };
		8F6EC41F23F1547500021290 /* MainVC.swift */ = {isa = PBXFileReference; fileEncoding = 4; lastKnownFileType = sourcecode.swift; path = MainVC.swift; sourceTree = "<group>"; };
		8F6EC42123F154AF00021290 /* ResultVC.swift */ = {isa = PBXFileReference; fileEncoding = 4; lastKnownFileType = sourcecode.swift; path = ResultVC.swift; sourceTree = "<group>"; };
		8F6EC42323F154B800021290 /* StartVC.swift */ = {isa = PBXFileReference; fileEncoding = 4; lastKnownFileType = sourcecode.swift; path = StartVC.swift; sourceTree = "<group>"; };
		8F6EC42523F1558900021290 /* Constants.swift */ = {isa = PBXFileReference; fileEncoding = 4; lastKnownFileType = sourcecode.swift; path = Constants.swift; sourceTree = "<group>"; };
/* End PBXFileReference section */

/* Begin PBXFrameworksBuildPhase section */
		8F22BA1E23F15113009288BF /* Frameworks */ = {
			isa = PBXFrameworksBuildPhase;
			buildActionMask = 2147483647;
			files = (
			);
			runOnlyForDeploymentPostprocessing = 0;
		};
/* End PBXFrameworksBuildPhase section */

/* Begin PBXGroup section */
		8F0B394123F1E75D005F713B /* Controller */ = {
			isa = PBXGroup;
			children = (
				8F6EC41F23F1547500021290 /* MainVC.swift */,
				8F6EC42323F154B800021290 /* StartVC.swift */,
				8F6EC42123F154AF00021290 /* ResultVC.swift */,
			);
			path = Controller;
			sourceTree = "<group>";
		};
		8F0B394223F1E772005F713B /* Resources */ = {
			isa = PBXGroup;
			children = (
				8F22BA2423F15113009288BF /* AppDelegate.swift */,
				8F22BA2623F15113009288BF /* SceneDelegate.swift */,
				8F6EC42523F1558900021290 /* Constants.swift */,
				8F22BA2A23F15113009288BF /* Main.storyboard */,
				8F22BA2F23F15115009288BF /* LaunchScreen.storyboard */,
				8F22BA2D23F15115009288BF /* Assets.xcassets */,
				8F22BA3223F15115009288BF /* Info.plist */,
			);
			path = Resources;
			sourceTree = "<group>";
		};
		8F22BA1823F15113009288BF = {
			isa = PBXGroup;
			children = (
				8F22BA2323F15113009288BF /* MatchTheMembersFix */,
				8F22BA2223F15113009288BF /* Products */,
			);
			sourceTree = "<group>";
		};
		8F22BA2223F15113009288BF /* Products */ = {
			isa = PBXGroup;
			children = (
				8F22BA2123F15113009288BF /* MatchTheMembersFix.app */,
			);
			name = Products;
			sourceTree = "<group>";
		};
		8F22BA2323F15113009288BF /* MatchTheMembersFix */ = {
			isa = PBXGroup;
			children = (
				8F0B394223F1E772005F713B /* Resources */,
				8F0B394123F1E75D005F713B /* Controller */,
			);
			path = MatchTheMembersFix;
			sourceTree = "<group>";
		};
/* End PBXGroup section */

/* Begin PBXNativeTarget section */
		8F22BA2023F15113009288BF /* MatchTheMembersFix */ = {
			isa = PBXNativeTarget;
			buildConfigurationList = 8F22BA3523F15115009288BF /* Build configuration list for PBXNativeTarget "MatchTheMembersFix" */;
			buildPhases = (
				8F22BA1D23F15113009288BF /* Sources */,
				8F22BA1E23F15113009288BF /* Frameworks */,
				8F22BA1F23F15113009288BF /* Resources */,
			);
			buildRules = (
			);
			dependencies = (
			);
			name = MatchTheMembersFix;
			productName = MatchTheMembersFix;
			productReference = 8F22BA2123F15113009288BF /* MatchTheMembersFix.app */;
			productType = "com.apple.product-type.application";
		};
/* End PBXNativeTarget section */

/* Begin PBXProject section */
		8F22BA1923F15113009288BF /* Project object */ = {
			isa = PBXProject;
			attributes = {
				LastSwiftUpdateCheck = 1130;
				LastUpgradeCheck = 1130;
				ORGANIZATIONNAME = MDB;
				TargetAttributes = {
					8F22BA2023F15113009288BF = {
						CreatedOnToolsVersion = 11.3.1;
					};
				};
			};
			buildConfigurationList = 8F22BA1C23F15113009288BF /* Build configuration list for PBXProject "MatchTheMembersFix" */;
			compatibilityVersion = "Xcode 9.3";
			developmentRegion = en;
			hasScannedForEncodings = 0;
			knownRegions = (
				en,
				Base,
			);
			mainGroup = 8F22BA1823F15113009288BF;
			productRefGroup = 8F22BA2223F15113009288BF /* Products */;
			projectDirPath = "";
			projectRoot = "";
			targets = (
				8F22BA2023F15113009288BF /* MatchTheMembersFix */,
			);
		};
/* End PBXProject section */

/* Begin PBXResourcesBuildPhase section */
		8F22BA1F23F15113009288BF /* Resources */ = {
			isa = PBXResourcesBuildPhase;
			buildActionMask = 2147483647;
			files = (
				8F22BA3123F15115009288BF /* LaunchScreen.storyboard in Resources */,
				8F22BA2E23F15115009288BF /* Assets.xcassets in Resources */,
				8F22BA2C23F15113009288BF /* Main.storyboard in Resources */,
			);
			runOnlyForDeploymentPostprocessing = 0;
		};
/* End PBXResourcesBuildPhase section */

/* Begin PBXSourcesBuildPhase section */
		8F22BA1D23F15113009288BF /* Sources */ = {
			isa = PBXSourcesBuildPhase;
			buildActionMask = 2147483647;
			files = (
				8F6EC42423F154B800021290 /* StartVC.swift in Sources */,
				8F6EC42023F1547500021290 /* MainVC.swift in Sources */,
				8F6EC42223F154B000021290 /* ResultVC.swift in Sources */,
				8F22BA2523F15113009288BF /* AppDelegate.swift in Sources */,
				8F22BA2723F15113009288BF /* SceneDelegate.swift in Sources */,
				8F6EC42623F1558900021290 /* Constants.swift in Sources */,
			);
			runOnlyForDeploymentPostprocessing = 0;
		};
/* End PBXSourcesBuildPhase section */

/* Begin PBXVariantGroup section */
		8F22BA2A23F15113009288BF /* Main.storyboard */ = {
			isa = PBXVariantGroup;
			children = (
				8F22BA2B23F15113009288BF /* Base */,
			);
			name = Main.storyboard;
			sourceTree = "<group>";
		};
		8F22BA2F23F15115009288BF /* LaunchScreen.storyboard */ = {
			isa = PBXVariantGroup;
			children = (
				8F22BA3023F15115009288BF /* Base */,
			);
			name = LaunchScreen.storyboard;
			sourceTree = "<group>";
		};
/* End PBXVariantGroup section */

/* Begin XCBuildConfiguration section */
		8F22BA3323F15115009288BF /* Debug */ = {
			isa = XCBuildConfiguration;
			buildSettings = {
				ALWAYS_SEARCH_USER_PATHS = NO;
				CLANG_ANALYZER_NONNULL = YES;
				CLANG_ANALYZER_NUMBER_OBJECT_CONVERSION = YES_AGGRESSIVE;
				CLANG_CXX_LANGUAGE_STANDARD = "gnu++14";
				CLANG_CXX_LIBRARY = "libc++";
				CLANG_ENABLE_MODULES = YES;
				CLANG_ENABLE_OBJC_ARC = YES;
				CLANG_ENABLE_OBJC_WEAK = YES;
				CLANG_WARN_BLOCK_CAPTURE_AUTORELEASING = YES;
				CLANG_WARN_BOOL_CONVERSION = YES;
				CLANG_WARN_COMMA = YES;
				CLANG_WARN_CONSTANT_CONVERSION = YES;
				CLANG_WARN_DEPRECATED_OBJC_IMPLEMENTATIONS = YES;
				CLANG_WARN_DIRECT_OBJC_ISA_USAGE = YES_ERROR;
				CLANG_WARN_DOCUMENTATION_COMMENTS = YES;
				CLANG_WARN_EMPTY_BODY = YES;
				CLANG_WARN_ENUM_CONVERSION = YES;
				CLANG_WARN_INFINITE_RECURSION = YES;
				CLANG_WARN_INT_CONVERSION = YES;
				CLANG_WARN_NON_LITERAL_NULL_CONVERSION = YES;
				CLANG_WARN_OBJC_IMPLICIT_RETAIN_SELF = YES;
				CLANG_WARN_OBJC_LITERAL_CONVERSION = YES;
				CLANG_WARN_OBJC_ROOT_CLASS = YES_ERROR;
				CLANG_WARN_RANGE_LOOP_ANALYSIS = YES;
				CLANG_WARN_STRICT_PROTOTYPES = YES;
				CLANG_WARN_SUSPICIOUS_MOVE = YES;
				CLANG_WARN_UNGUARDED_AVAILABILITY = YES_AGGRESSIVE;
				CLANG_WARN_UNREACHABLE_CODE = YES;
				CLANG_WARN__DUPLICATE_METHOD_MATCH = YES;
				COPY_PHASE_STRIP = NO;
				DEBUG_INFORMATION_FORMAT = dwarf;
				ENABLE_STRICT_OBJC_MSGSEND = YES;
				ENABLE_TESTABILITY = YES;
				GCC_C_LANGUAGE_STANDARD = gnu11;
				GCC_DYNAMIC_NO_PIC = NO;
				GCC_NO_COMMON_BLOCKS = YES;
				GCC_OPTIMIZATION_LEVEL = 0;
				GCC_PREPROCESSOR_DEFINITIONS = (
					"DEBUG=1",
					"$(inherited)",
				);
				GCC_WARN_64_TO_32_BIT_CONVERSION = YES;
				GCC_WARN_ABOUT_RETURN_TYPE = YES_ERROR;
				GCC_WARN_UNDECLARED_SELECTOR = YES;
				GCC_WARN_UNINITIALIZED_AUTOS = YES_AGGRESSIVE;
				GCC_WARN_UNUSED_FUNCTION = YES;
				GCC_WARN_UNUSED_VARIABLE = YES;
				IPHONEOS_DEPLOYMENT_TARGET = 13.2;
				MTL_ENABLE_DEBUG_INFO = INCLUDE_SOURCE;
				MTL_FAST_MATH = YES;
				ONLY_ACTIVE_ARCH = YES;
				SDKROOT = iphoneos;
				SWIFT_ACTIVE_COMPILATION_CONDITIONS = DEBUG;
				SWIFT_OPTIMIZATION_LEVEL = "-Onone";
			};
			name = Debug;
		};
		8F22BA3423F15115009288BF /* Release */ = {
			isa = XCBuildConfiguration;
			buildSettings = {
				ALWAYS_SEARCH_USER_PATHS = NO;
				CLANG_ANALYZER_NONNULL = YES;
				CLANG_ANALYZER_NUMBER_OBJECT_CONVERSION = YES_AGGRESSIVE;
				CLANG_CXX_LANGUAGE_STANDARD = "gnu++14";
				CLANG_CXX_LIBRARY = "libc++";
				CLANG_ENABLE_MODULES = YES;
				CLANG_ENABLE_OBJC_ARC = YES;
				CLANG_ENABLE_OBJC_WEAK = YES;
				CLANG_WARN_BLOCK_CAPTURE_AUTORELEASING = YES;
				CLANG_WARN_BOOL_CONVERSION = YES;
				CLANG_WARN_COMMA = YES;
				CLANG_WARN_CONSTANT_CONVERSION = YES;
				CLANG_WARN_DEPRECATED_OBJC_IMPLEMENTATIONS = YES;
				CLANG_WARN_DIRECT_OBJC_ISA_USAGE = YES_ERROR;
				CLANG_WARN_DOCUMENTATION_COMMENTS = YES;
				CLANG_WARN_EMPTY_BODY = YES;
				CLANG_WARN_ENUM_CONVERSION = YES;
				CLANG_WARN_INFINITE_RECURSION = YES;
				CLANG_WARN_INT_CONVERSION = YES;
				CLANG_WARN_NON_LITERAL_NULL_CONVERSION = YES;
				CLANG_WARN_OBJC_IMPLICIT_RETAIN_SELF = YES;
				CLANG_WARN_OBJC_LITERAL_CONVERSION = YES;
				CLANG_WARN_OBJC_ROOT_CLASS = YES_ERROR;
				CLANG_WARN_RANGE_LOOP_ANALYSIS = YES;
				CLANG_WARN_STRICT_PROTOTYPES = YES;
				CLANG_WARN_SUSPICIOUS_MOVE = YES;
				CLANG_WARN_UNGUARDED_AVAILABILITY = YES_AGGRESSIVE;
				CLANG_WARN_UNREACHABLE_CODE = YES;
				CLANG_WARN__DUPLICATE_METHOD_MATCH = YES;
				COPY_PHASE_STRIP = NO;
				DEBUG_INFORMATION_FORMAT = "dwarf-with-dsym";
				ENABLE_NS_ASSERTIONS = NO;
				ENABLE_STRICT_OBJC_MSGSEND = YES;
				GCC_C_LANGUAGE_STANDARD = gnu11;
				GCC_NO_COMMON_BLOCKS = YES;
				GCC_WARN_64_TO_32_BIT_CONVERSION = YES;
				GCC_WARN_ABOUT_RETURN_TYPE = YES_ERROR;
				GCC_WARN_UNDECLARED_SELECTOR = YES;
				GCC_WARN_UNINITIALIZED_AUTOS = YES_AGGRESSIVE;
				GCC_WARN_UNUSED_FUNCTION = YES;
				GCC_WARN_UNUSED_VARIABLE = YES;
				IPHONEOS_DEPLOYMENT_TARGET = 13.2;
				MTL_ENABLE_DEBUG_INFO = NO;
				MTL_FAST_MATH = YES;
				SDKROOT = iphoneos;
				SWIFT_COMPILATION_MODE = wholemodule;
				SWIFT_OPTIMIZATION_LEVEL = "-O";
				VALIDATE_PRODUCT = YES;
			};
			name = Release;
		};
		8F22BA3623F15115009288BF /* Debug */ = {
			isa = XCBuildConfiguration;
			buildSettings = {
				ASSETCATALOG_COMPILER_APPICON_NAME = AppIcon;
				CODE_SIGN_STYLE = Automatic;
				INFOPLIST_FILE = MatchTheMembersFix/Resources/Info.plist;
				LD_RUNPATH_SEARCH_PATHS = (
					"$(inherited)",
					"@executable_path/Frameworks",
				);
				PRODUCT_BUNDLE_IDENTIFIER = "MDB-Maggie-Yi.MatchTheMembersFix";
				PRODUCT_NAME = "$(TARGET_NAME)";
				SWIFT_VERSION = 5.0;
				TARGETED_DEVICE_FAMILY = "1,2";
			};
			name = Debug;
		};
		8F22BA3723F15115009288BF /* Release */ = {
			isa = XCBuildConfiguration;
			buildSettings = {
				ASSETCATALOG_COMPILER_APPICON_NAME = AppIcon;
				CODE_SIGN_STYLE = Automatic;
				INFOPLIST_FILE = MatchTheMembersFix/Resources/Info.plist;
				LD_RUNPATH_SEARCH_PATHS = (
					"$(inherited)",
					"@executable_path/Frameworks",
				);
				PRODUCT_BUNDLE_IDENTIFIER = "MDB-Maggie-Yi.MatchTheMembersFix";
				PRODUCT_NAME = "$(TARGET_NAME)";
				SWIFT_VERSION = 5.0;
				TARGETED_DEVICE_FAMILY = "1,2";
			};
			name = Release;
		};
/* End XCBuildConfiguration section */

/* Begin XCConfigurationList section */
		8F22BA1C23F15113009288BF /* Build configuration list for PBXProject "MatchTheMembersFix" */ = {
			isa = XCConfigurationList;
			buildConfigurations = (
				8F22BA3323F15115009288BF /* Debug */,
				8F22BA3423F15115009288BF /* Release */,
			);
			defaultConfigurationIsVisible = 0;
			defaultConfigurationName = Release;
		};
		8F22BA3523F15115009288BF /* Build configuration list for PBXNativeTarget "MatchTheMembersFix" */ = {
			isa = XCConfigurationList;
			buildConfigurations = (
				8F22BA3623F15115009288BF /* Debug */,
				8F22BA3723F15115009288BF /* Release */,
			);
			defaultConfigurationIsVisible = 0;
			defaultConfigurationName = Release;
		};
/* End XCConfigurationList section */
	};
	rootObject = 8F22BA1923F15113009288BF /* Project object */;
}
